{
  "version": 4,
  "terraform_version": "1.14.5",
  "serial": 6,
  "lineage": "e9012928-ddac-5ee7-166d-749be92e2321",
  "outputs": {},
  "resources": [
    {
      "mode": "managed",
      "type": "multipass_instance",
      "name": "web_server",
      "provider": "provider[\"registry.terraform.io/todoroff/multipass\"]",
      "instances": [
        {
          "schema_version": 0,
          "attributes": {
            "auto_recover": null,
            "auto_start_on_recover": null,
            "cloud_init": null,
            "cloud_init_file": null,
            "cpus": null,
            "disk": null,
            "id": null,
            "image": null,
            "image_release": "24.04 LTS",
            "ipv4": [
              "172.19.115.248"
            ],
            "last_updated": "2026-02-13T13:53:07Z",
            "memory": null,
            "mounts": [],
            "name": "prod-sim-01",
            "networks": [],
            "primary": null,
            "release": "Ubuntu 24.04.4 LTS",
            "snapshot_count": 0,
            "state": "Running"
          },
          "sensitive_attributes": [
            [
              {
                "type": "get_attr",
                "value": "cloud_init"
              }
            ]
          ],
          "identity_schema_version": 0
        }
      ]
    }
  ],
  "check_results": null
}
